// !$*UTF8*$!
{
	archiveVersion = 1;
	classes = {
	};
	objectVersion = 42;
	objects = {

/* Begin PBXBuildFile section */
		98244A330E3F5A5E0018E13A /* unit_test.cpp in Sources */ = {isa = PBXBuildFile; fileRef = 98FE7DCD0E224EC400B1E17F /* unit_test.cpp */; };
		98244A3F0E3F5AEE0018E13A /* lapack_svd_test.cpp in Sources */ = {isa = PBXBuildFile; fileRef = 98244A3B0E3F5AEE0018E13A /* lapack_svd_test.cpp */; };
		98244A400E3F5AEE0018E13A /* lapack_linear_least_squares_test.cpp in Sources */ = {isa = PBXBuildFile; fileRef = 98244A3D0E3F5AEE0018E13A /* lapack_linear_least_squares_test.cpp */; };
		98244A410E3F5AEE0018E13A /* lapack_svd_test.cpp in Sources */ = {isa = PBXBuildFile; fileRef = 98244A3B0E3F5AEE0018E13A /* lapack_svd_test.cpp */; };
		98244A420E3F5AEE0018E13A /* lapack_linear_least_squares_test.cpp in Sources */ = {isa = PBXBuildFile; fileRef = 98244A3D0E3F5AEE0018E13A /* lapack_linear_least_squares_test.cpp */; };
		98244A430E3F5AEE0018E13A /* lapack_svd_test.cpp in Sources */ = {isa = PBXBuildFile; fileRef = 98244A3B0E3F5AEE0018E13A /* lapack_svd_test.cpp */; };
		98244A440E3F5AEE0018E13A /* lapack_linear_least_squares_test.cpp in Sources */ = {isa = PBXBuildFile; fileRef = 98244A3D0E3F5AEE0018E13A /* lapack_linear_least_squares_test.cpp */; };
		98244C010E3F76930018E13A /* Accelerate.framework in Frameworks */ = {isa = PBXBuildFile; fileRef = 9839FE0E0E2BB16D00A16721 /* Accelerate.framework */; };
		9839FA240E2B5BBB00A16721 /* svd_test.cpp in Sources */ = {isa = PBXBuildFile; fileRef = 9839FA220E2B5BBB00A16721 /* svd_test.cpp */; };
		9839FA250E2B5BBB00A16721 /* svd_test.cpp in Sources */ = {isa = PBXBuildFile; fileRef = 9839FA220E2B5BBB00A16721 /* svd_test.cpp */; };
		9839FE440E2BB25200A16721 /* Accelerate.framework in Frameworks */ = {isa = PBXBuildFile; fileRef = 9839FE0E0E2BB16D00A16721 /* Accelerate.framework */; };
		9839FE5E0E2BB5B300A16721 /* vmmlib_lapack_main.cpp in Sources */ = {isa = PBXBuildFile; fileRef = 9839FE5D0E2BB5B300A16721 /* vmmlib_lapack_main.cpp */; };
		9839FEF80E2BC67400A16721 /* svd_lapack_vs_old.cpp in Sources */ = {isa = PBXBuildFile; fileRef = 9839FEF60E2BC67400A16721 /* svd_lapack_vs_old.cpp */; };
		9839FF000E2BC75D00A16721 /* performance_test.cpp in Sources */ = {isa = PBXBuildFile; fileRef = 98B7A2680E24CB140064264E /* performance_test.cpp */; };
		9839FF020E2BC76600A16721 /* timer.cpp in Sources */ = {isa = PBXBuildFile; fileRef = 98B7A2560E24C9540064264E /* timer.cpp */; };
		98476419110DDB940024A1F8 /* tensor3_test.cpp in Sources */ = {isa = PBXBuildFile; fileRef = 98476417110DDB940024A1F8 /* tensor3_test.cpp */; };
		9863B6F211903EFE00887FFC /* lapack_gaussian_elimination_test.cpp in Sources */ = {isa = PBXBuildFile; fileRef = 9863B6F111903EFE00887FFC /* lapack_gaussian_elimination_test.cpp */; };
		986834C10E24FFD400618F55 /* vector_test.cpp in Sources */ = {isa = PBXBuildFile; fileRef = 986834BF0E24FFD400618F55 /* vector_test.cpp */; };
		986834C20E24FFD400618F55 /* vector_test.cpp in Sources */ = {isa = PBXBuildFile; fileRef = 986834BF0E24FFD400618F55 /* vector_test.cpp */; };
		98B22A280FB8353900EEDF5F /* frustum_test.cpp in Sources */ = {isa = PBXBuildFile; fileRef = 98B22A260FB8353900EEDF5F /* frustum_test.cpp */; };
		98B230730FB985D700EEDF5F /* jacobi_test.cpp in Sources */ = {isa = PBXBuildFile; fileRef = 98B230710FB985D700EEDF5F /* jacobi_test.cpp */; };
		98B7A2520E24C8E70064264E /* vmmlib_unit_tests_main.cpp in Sources */ = {isa = PBXBuildFile; fileRef = 98B7A2500E24C8E70064264E /* vmmlib_unit_tests_main.cpp */; };
		98B7A2540E24C8F40064264E /* vmmlib_performance_tests_main.cpp in Sources */ = {isa = PBXBuildFile; fileRef = 98B7A2510E24C8E70064264E /* vmmlib_performance_tests_main.cpp */; };
		98B7A2570E24C9540064264E /* timer.cpp in Sources */ = {isa = PBXBuildFile; fileRef = 98B7A2560E24C9540064264E /* timer.cpp */; };
		98B7A26A0E24CB140064264E /* performance_test.cpp in Sources */ = {isa = PBXBuildFile; fileRef = 98B7A2680E24CB140064264E /* performance_test.cpp */; };
		98B7A2A50E24DF910064264E /* matrix_compare_perf_test.cpp in Sources */ = {isa = PBXBuildFile; fileRef = 98B7A2A30E24DF910064264E /* matrix_compare_perf_test.cpp */; };
		98C561060F1BA62B0026B925 /* Accelerate.framework in Frameworks */ = {isa = PBXBuildFile; fileRef = 9839FE0E0E2BB16D00A16721 /* Accelerate.framework */; };
		98D23D8E15B964590012DABB /* unit_test_globals.cpp in Sources */ = {isa = PBXBuildFile; fileRef = 98D23D8C15B964590012DABB /* unit_test_globals.cpp */; };
		98D23D9015B96A930012DABB /* unit_test_globals.cpp in Sources */ = {isa = PBXBuildFile; fileRef = 98D23D8C15B964590012DABB /* unit_test_globals.cpp */; };
		98D23D9115B96AA30012DABB /* unit_test_globals.cpp in Sources */ = {isa = PBXBuildFile; fileRef = 98D23D8C15B964590012DABB /* unit_test_globals.cpp */; };
		98D402D60E38D6A000B24DF1 /* quaternion_test.cpp in Sources */ = {isa = PBXBuildFile; fileRef = 98D402D40E38D6A000B24DF1 /* quaternion_test.cpp */; };
		98D402D70E38D6A000B24DF1 /* quaternion_test.cpp in Sources */ = {isa = PBXBuildFile; fileRef = 98D402D40E38D6A000B24DF1 /* quaternion_test.cpp */; };
		98D402D80E38D6A000B24DF1 /* quaternion_test.cpp in Sources */ = {isa = PBXBuildFile; fileRef = 98D402D40E38D6A000B24DF1 /* quaternion_test.cpp */; };
		98F5563A0E24377F0044BA3E /* matrix_test.cpp in Sources */ = {isa = PBXBuildFile; fileRef = 98F556350E24377F0044BA3E /* matrix_test.cpp */; };
		98F5563B0E24377F0044BA3E /* qr_decomposition_test.cpp in Sources */ = {isa = PBXBuildFile; fileRef = 98F556370E24377F0044BA3E /* qr_decomposition_test.cpp */; };
		98FAB2960E30CDF400C1A8FC /* unit_test.cpp in Sources */ = {isa = PBXBuildFile; fileRef = 98FE7DCD0E224EC400B1E17F /* unit_test.cpp */; };
		98FE7DCF0E224EC400B1E17F /* unit_test.cpp in Sources */ = {isa = PBXBuildFile; fileRef = 98FE7DCD0E224EC400B1E17F /* unit_test.cpp */; };
		CF06479F1446E4B7007DD062 /* tucker3_exporter_importer_test.cpp in Sources */ = {isa = PBXBuildFile; fileRef = CF06479E1446E4B7007DD062 /* tucker3_exporter_importer_test.cpp */; };
		CF0649C814472249007DD062 /* qtucker3_tensor_test.cpp in Sources */ = {isa = PBXBuildFile; fileRef = CF0649C714472249007DD062 /* qtucker3_tensor_test.cpp */; };
		CF2DD25E126C8EAE0036DE05 /* tensor3_iterator_test.cpp in Sources */ = {isa = PBXBuildFile; fileRef = CF2DD25D126C8EAE0036DE05 /* tensor3_iterator_test.cpp */; };
		CF2DD265126C91670036DE05 /* cp3_tensor_test.cpp in Sources */ = {isa = PBXBuildFile; fileRef = CF2DD264126C91670036DE05 /* cp3_tensor_test.cpp */; };
		CF42E5EA125F738600C0A38E /* matrix_pseudoinverse_test.cpp in Sources */ = {isa = PBXBuildFile; fileRef = CF42E5E9125F738600C0A38E /* matrix_pseudoinverse_test.cpp */; };
		CF59614E172ED45600CC06C4 /* lowpass_filter_test.cpp in Sources */ = {isa = PBXBuildFile; fileRef = CF59614B172ED45600CC06C4 /* lowpass_filter_test.cpp */; };
		CF59614F172ED45600CC06C4 /* intersection_test.cpp in Sources */ = {isa = PBXBuildFile; fileRef = CF59614D172ED45600CC06C4 /* intersection_test.cpp */; };
		CF75FFF51432383D00CFD46E /* blas_dot_test.cpp in Sources */ = {isa = PBXBuildFile; fileRef = CF75FFF41432383D00CFD46E /* blas_dot_test.cpp */; };
		CF7FA8D5114EB617003076E4 /* tucker3_tensor_test.cpp in Sources */ = {isa = PBXBuildFile; fileRef = CF7FA8D4114EB617003076E4 /* tucker3_tensor_test.cpp */; };
		CF906ACE14F56FEC0043CF23 /* t3_ttm_test.cpp in Sources */ = {isa = PBXBuildFile; fileRef = CF906ACD14F56FEC0043CF23 /* t3_ttm_test.cpp */; };
		CFA7FE4B14225C03001EE112 /* t3_ihopm_test.cpp in Sources */ = {isa = PBXBuildFile; fileRef = CFA7FE4A14225C03001EE112 /* t3_ihopm_test.cpp */; };
		CFCE7024150A004300A29C68 /* blas_daxpy_test.cpp in Sources */ = {isa = PBXBuildFile; fileRef = CFCE7023150A004300A29C68 /* blas_daxpy_test.cpp */; };
		CFD85C551399060300266D85 /* t3_hosvd_test.cpp in Sources */ = {isa = PBXBuildFile; fileRef = CFD85C541399060300266D85 /* t3_hosvd_test.cpp */; };
		CFD85C81139909EF00266D85 /* t3_hooi_test.cpp in Sources */ = {isa = PBXBuildFile; fileRef = CFD85C80139909EF00266D85 /* t3_hooi_test.cpp */; };
		CFD85C8413990A0E00266D85 /* t3_hopm_test.cpp in Sources */ = {isa = PBXBuildFile; fileRef = CFD85C8313990A0E00266D85 /* t3_hopm_test.cpp */; };
		CFE117B416416A030085B653 /* t3_ihooi_test.cpp in Sources */ = {isa = PBXBuildFile; fileRef = CFE117B316416A030085B653 /* t3_ihooi_test.cpp */; };
		CFF0C1FA1406E55200C3ADDB /* blas_dgemm_test.cpp in Sources */ = {isa = PBXBuildFile; fileRef = CFF0C1F81406E55200C3ADDB /* blas_dgemm_test.cpp */; };
		CFF95533131CECD100071FB3 /* lapack_sym_eigs_test.cpp in Sources */ = {isa = PBXBuildFile; fileRef = CFF95532131CECD100071FB3 /* lapack_sym_eigs_test.cpp */; };
		CFF98C5515B817BC00F599FE /* tensor4_test.cpp in Sources */ = {isa = PBXBuildFile; fileRef = CFF98C5315B817BC00F599FE /* tensor4_test.cpp */; };
		CFF98F5615BF0DC600F599FE /* t4_converter_test.cpp in Sources */ = {isa = PBXBuildFile; fileRef = CFF98F5515BF0DC600F599FE /* t4_converter_test.cpp */; };
/* End PBXBuildFile section */

/* Begin PBXFileReference section */
		982449FB0E3F584A0018E13A /* lapack_svd.hpp */ = {isa = PBXFileReference; fileEncoding = 4; lastKnownFileType = sourcecode.cpp.h; name = lapack_svd.hpp; path = include/vmmlib/lapack_svd.hpp; sourceTree = "<group>"; };
		982449FC0E3F584A0018E13A /* lapack_linear_least_squares.hpp */ = {isa = PBXFileReference; fileEncoding = 4; lastKnownFileType = sourcecode.cpp.h; name = lapack_linear_least_squares.hpp; path = include/vmmlib/lapack_linear_least_squares.hpp; sourceTree = "<group>"; };
		982449FD0E3F584A0018E13A /* lapack.hpp */ = {isa = PBXFileReference; fileEncoding = 4; lastKnownFileType = sourcecode.cpp.h; name = lapack.hpp; path = include/vmmlib/lapack.hpp; sourceTree = "<group>"; };
		98244A3B0E3F5AEE0018E13A /* lapack_svd_test.cpp */ = {isa = PBXFileReference; fileEncoding = 4; lastKnownFileType = sourcecode.cpp.cpp; name = lapack_svd_test.cpp; path = tests/lapack_svd_test.cpp; sourceTree = "<group>"; };
		98244A3C0E3F5AEE0018E13A /* lapack_svd_test.hpp */ = {isa = PBXFileReference; fileEncoding = 4; lastKnownFileType = sourcecode.cpp.h; name = lapack_svd_test.hpp; path = tests/lapack_svd_test.hpp; sourceTree = "<group>"; };
		98244A3D0E3F5AEE0018E13A /* lapack_linear_least_squares_test.cpp */ = {isa = PBXFileReference; fileEncoding = 4; lastKnownFileType = sourcecode.cpp.cpp; name = lapack_linear_least_squares_test.cpp; path = tests/lapack_linear_least_squares_test.cpp; sourceTree = "<group>"; };
		98244A3E0E3F5AEE0018E13A /* lapack_linear_least_squares_test.hpp */ = {isa = PBXFileReference; fileEncoding = 4; lastKnownFileType = sourcecode.cpp.h; name = lapack_linear_least_squares_test.hpp; path = tests/lapack_linear_least_squares_test.hpp; sourceTree = "<group>"; };
		9839FA1D0E2B5A6C00A16721 /* svd.hpp */ = {isa = PBXFileReference; fileEncoding = 4; lastKnownFileType = sourcecode.cpp.h; name = svd.hpp; path = include/vmmlib/svd.hpp; sourceTree = "<group>"; };
		9839FA220E2B5BBB00A16721 /* svd_test.cpp */ = {isa = PBXFileReference; fileEncoding = 4; lastKnownFileType = sourcecode.cpp.cpp; name = svd_test.cpp; path = tests/svd_test.cpp; sourceTree = "<group>"; };
		9839FA230E2B5BBB00A16721 /* svd_test.hpp */ = {isa = PBXFileReference; fileEncoding = 4; lastKnownFileType = sourcecode.cpp.h; name = svd_test.hpp; path = tests/svd_test.hpp; sourceTree = "<group>"; };
		9839FE0E0E2BB16D00A16721 /* Accelerate.framework */ = {isa = PBXFileReference; lastKnownFileType = wrapper.framework; name = Accelerate.framework; path = /System/Library/Frameworks/Accelerate.framework; sourceTree = "<absolute>"; };
		9839FE1F0E2BB24700A16721 /* vmmlib_lapack_test */ = {isa = PBXFileReference; explicitFileType = "compiled.mach-o.executable"; includeInIndex = 0; path = vmmlib_lapack_test; sourceTree = BUILT_PRODUCTS_DIR; };
		9839FE5D0E2BB5B300A16721 /* vmmlib_lapack_main.cpp */ = {isa = PBXFileReference; fileEncoding = 4; lastKnownFileType = sourcecode.cpp.cpp; name = vmmlib_lapack_main.cpp; path = tests/vmmlib_lapack_main.cpp; sourceTree = "<group>"; };
		9839FEF60E2BC67400A16721 /* svd_lapack_vs_old.cpp */ = {isa = PBXFileReference; fileEncoding = 4; lastKnownFileType = sourcecode.cpp.cpp; name = svd_lapack_vs_old.cpp; path = tests/svd_lapack_vs_old.cpp; sourceTree = "<group>"; };
		9839FEF70E2BC67400A16721 /* svd_lapack_vs_old.hpp */ = {isa = PBXFileReference; fileEncoding = 4; lastKnownFileType = sourcecode.cpp.h; name = svd_lapack_vs_old.hpp; path = tests/svd_lapack_vs_old.hpp; sourceTree = "<group>"; };
		984763FE110DDB3C0024A1F8 /* tensor3.hpp */ = {isa = PBXFileReference; fileEncoding = 4; lastKnownFileType = sourcecode.cpp.h; name = tensor3.hpp; path = include/vmmlib/tensor3.hpp; sourceTree = "<group>"; };
		98476417110DDB940024A1F8 /* tensor3_test.cpp */ = {isa = PBXFileReference; fileEncoding = 4; lastKnownFileType = sourcecode.cpp.cpp; name = tensor3_test.cpp; path = tests/tensor3_test.cpp; sourceTree = "<group>"; };
		98476418110DDB940024A1F8 /* tensor3_test.hpp */ = {isa = PBXFileReference; fileEncoding = 4; lastKnownFileType = sourcecode.cpp.h; name = tensor3_test.hpp; path = tests/tensor3_test.hpp; sourceTree = "<group>"; };
		984F581211B8CFD90027D673 /* vector_traits.hpp */ = {isa = PBXFileReference; fileEncoding = 4; lastKnownFileType = sourcecode.cpp.h; name = vector_traits.hpp; path = include/vmmlib/vector_traits.hpp; sourceTree = "<group>"; };
		984F581311B8CFD90027D673 /* matrix_traits.hpp */ = {isa = PBXFileReference; fileEncoding = 4; lastKnownFileType = sourcecode.cpp.h; name = matrix_traits.hpp; path = include/vmmlib/matrix_traits.hpp; sourceTree = "<group>"; };
		98584AF50E643AEC00314C4C /* lapack_types.hpp */ = {isa = PBXFileReference; fileEncoding = 4; lastKnownFileType = sourcecode.cpp.h; name = lapack_types.hpp; path = include/vmmlib/lapack_types.hpp; sourceTree = "<group>"; };
		98584B140E643BFC00314C4C /* lapack_includes.hpp */ = {isa = PBXFileReference; fileEncoding = 4; lastKnownFileType = sourcecode.cpp.h; name = lapack_includes.hpp; path = include/vmmlib/lapack_includes.hpp; sourceTree = "<group>"; };
		985964770FB177A6006CA0F8 /* math.hpp */ = {isa = PBXFileReference; fileEncoding = 4; lastKnownFileType = sourcecode.cpp.h; name = math.hpp; path = include/vmmlib/math.hpp; sourceTree = "<group>"; };
		98596E620FB4891E006CA0F8 /* enable_if.hpp */ = {isa = PBXFileReference; fileEncoding = 4; lastKnownFileType = sourcecode.cpp.h; name = enable_if.hpp; path = include/vmmlib/enable_if.hpp; sourceTree = "<group>"; };
		98596E730FB4897C006CA0F8 /* jacobi_solver.hpp */ = {isa = PBXFileReference; fileEncoding = 4; lastKnownFileType = sourcecode.cpp.h; name = jacobi_solver.hpp; path = include/vmmlib/jacobi_solver.hpp; sourceTree = "<group>"; };
		98596E840FB489D4006CA0F8 /* frustum_culler.hpp */ = {isa = PBXFileReference; fileEncoding = 4; lastKnownFileType = sourcecode.cpp.h; name = frustum_culler.hpp; path = include/vmmlib/frustum_culler.hpp; sourceTree = "<group>"; };
		985F6FCC0C6B7C67002B05C5 /* LICENSE */ = {isa = PBXFileReference; fileEncoding = 30; lastKnownFileType = text; name = LICENSE; path = include/vmmlib/LICENSE; sourceTree = "<group>"; };
		9863B6E711903E5D00887FFC /* lapack_gaussian_elimination.hpp */ = {isa = PBXFileReference; fileEncoding = 4; lastKnownFileType = sourcecode.cpp.h; name = lapack_gaussian_elimination.hpp; path = include/vmmlib/lapack_gaussian_elimination.hpp; sourceTree = "<group>"; };
		9863B6F011903EFE00887FFC /* lapack_gaussian_elimination_test.hpp */ = {isa = PBXFileReference; fileEncoding = 4; lastKnownFileType = sourcecode.cpp.h; name = lapack_gaussian_elimination_test.hpp; path = tests/lapack_gaussian_elimination_test.hpp; sourceTree = "<group>"; };
		9863B6F111903EFE00887FFC /* lapack_gaussian_elimination_test.cpp */ = {isa = PBXFileReference; fileEncoding = 4; lastKnownFileType = sourcecode.cpp.cpp; name = lapack_gaussian_elimination_test.cpp; path = tests/lapack_gaussian_elimination_test.cpp; sourceTree = "<group>"; };
		9868345B0E24F8F300618F55 /* vector.hpp */ = {isa = PBXFileReference; fileEncoding = 4; lastKnownFileType = sourcecode.cpp.h; name = vector.hpp; path = include/vmmlib/vector.hpp; sourceTree = "<group>"; };
		9868345D0E24F97D00618F55 /* vmmlib_config.hpp */ = {isa = PBXFileReference; fileEncoding = 4; lastKnownFileType = sourcecode.cpp.h; name = vmmlib_config.hpp; path = include/vmmlib/vmmlib_config.hpp; sourceTree = "<group>"; };
		986834BF0E24FFD400618F55 /* vector_test.cpp */ = {isa = PBXFileReference; fileEncoding = 4; lastKnownFileType = sourcecode.cpp.cpp; name = vector_test.cpp; path = tests/vector_test.cpp; sourceTree = "<group>"; };
		986834C00E24FFD400618F55 /* vector_test.hpp */ = {isa = PBXFileReference; fileEncoding = 4; lastKnownFileType = sourcecode.cpp.h; name = vector_test.hpp; path = tests/vector_test.hpp; sourceTree = "<group>"; };
		988F5A100C22CAFE0005AC92 /* README */ = {isa = PBXFileReference; fileEncoding = 30; lastKnownFileType = text; path = README; sourceTree = "<group>"; };
		98B22A260FB8353900EEDF5F /* frustum_test.cpp */ = {isa = PBXFileReference; fileEncoding = 4; lastKnownFileType = sourcecode.cpp.cpp; name = frustum_test.cpp; path = tests/frustum_test.cpp; sourceTree = "<group>"; };
		98B22A270FB8353900EEDF5F /* frustum_test.hpp */ = {isa = PBXFileReference; fileEncoding = 4; lastKnownFileType = sourcecode.cpp.h; name = frustum_test.hpp; path = tests/frustum_test.hpp; sourceTree = "<group>"; };
		98B230710FB985D700EEDF5F /* jacobi_test.cpp */ = {isa = PBXFileReference; fileEncoding = 4; lastKnownFileType = sourcecode.cpp.cpp; name = jacobi_test.cpp; path = tests/jacobi_test.cpp; sourceTree = "<group>"; };
		98B230720FB985D700EEDF5F /* jacobi_test.hpp */ = {isa = PBXFileReference; fileEncoding = 4; lastKnownFileType = sourcecode.cpp.h; name = jacobi_test.hpp; path = tests/jacobi_test.hpp; sourceTree = "<group>"; };
		98B7A2490E24C85C0064264E /* vmmlib_performance_tests */ = {isa = PBXFileReference; explicitFileType = "compiled.mach-o.executable"; includeInIndex = 0; path = vmmlib_performance_tests; sourceTree = BUILT_PRODUCTS_DIR; };
		98B7A2500E24C8E70064264E /* vmmlib_unit_tests_main.cpp */ = {isa = PBXFileReference; fileEncoding = 4; lastKnownFileType = sourcecode.cpp.cpp; name = vmmlib_unit_tests_main.cpp; path = tests/vmmlib_unit_tests_main.cpp; sourceTree = "<group>"; };
		98B7A2510E24C8E70064264E /* vmmlib_performance_tests_main.cpp */ = {isa = PBXFileReference; fileEncoding = 4; lastKnownFileType = sourcecode.cpp.cpp; name = vmmlib_performance_tests_main.cpp; path = tests/vmmlib_performance_tests_main.cpp; sourceTree = "<group>"; };
		98B7A2550E24C9540064264E /* timer.hpp */ = {isa = PBXFileReference; fileEncoding = 4; lastKnownFileType = sourcecode.cpp.h; name = timer.hpp; path = tests/timer.hpp; sourceTree = "<group>"; };
		98B7A2560E24C9540064264E /* timer.cpp */ = {isa = PBXFileReference; fileEncoding = 4; lastKnownFileType = sourcecode.cpp.cpp; name = timer.cpp; path = tests/timer.cpp; sourceTree = "<group>"; };
		98B7A2680E24CB140064264E /* performance_test.cpp */ = {isa = PBXFileReference; fileEncoding = 4; lastKnownFileType = sourcecode.cpp.cpp; name = performance_test.cpp; path = tests/performance_test.cpp; sourceTree = "<group>"; };
		98B7A2690E24CB140064264E /* performance_test.hpp */ = {isa = PBXFileReference; fileEncoding = 4; lastKnownFileType = sourcecode.cpp.h; name = performance_test.hpp; path = tests/performance_test.hpp; sourceTree = "<group>"; };
		98B7A2A30E24DF910064264E /* matrix_compare_perf_test.cpp */ = {isa = PBXFileReference; fileEncoding = 4; lastKnownFileType = sourcecode.cpp.cpp; name = matrix_compare_perf_test.cpp; path = tests/matrix_compare_perf_test.cpp; sourceTree = "<group>"; };
		98B7A2A40E24DF910064264E /* matrix_compare_perf_test.hpp */ = {isa = PBXFileReference; fileEncoding = 4; lastKnownFileType = sourcecode.cpp.h; name = matrix_compare_perf_test.hpp; path = tests/matrix_compare_perf_test.hpp; sourceTree = "<group>"; };
		98B7A3F00E24EAA30064264E /* matrix_functors.hpp */ = {isa = PBXFileReference; fileEncoding = 4; lastKnownFileType = sourcecode.cpp.h; name = matrix_functors.hpp; path = include/vmmlib/matrix_functors.hpp; sourceTree = "<group>"; };
		98D23D8C15B964590012DABB /* unit_test_globals.cpp */ = {isa = PBXFileReference; fileEncoding = 4; lastKnownFileType = sourcecode.cpp.cpp; name = unit_test_globals.cpp; path = tests/unit_test_globals.cpp; sourceTree = "<group>"; };
		98D23D8D15B964590012DABB /* unit_test_globals.hpp */ = {isa = PBXFileReference; fileEncoding = 4; lastKnownFileType = sourcecode.cpp.h; name = unit_test_globals.hpp; path = tests/unit_test_globals.hpp; sourceTree = "<group>"; };
		98D402D30E38D6A000B24DF1 /* quaternion.hpp */ = {isa = PBXFileReference; fileEncoding = 4; lastKnownFileType = sourcecode.cpp.h; name = quaternion.hpp; path = include/vmmlib/quaternion.hpp; sourceTree = "<group>"; };
		98D402D40E38D6A000B24DF1 /* quaternion_test.cpp */ = {isa = PBXFileReference; fileEncoding = 4; lastKnownFileType = sourcecode.cpp.cpp; name = quaternion_test.cpp; path = tests/quaternion_test.cpp; sourceTree = "<group>"; };
		98D402D50E38D6A000B24DF1 /* quaternion_test.hpp */ = {isa = PBXFileReference; fileEncoding = 4; lastKnownFileType = sourcecode.cpp.h; name = quaternion_test.hpp; path = tests/quaternion_test.hpp; sourceTree = "<group>"; };
		98D4102C0E2658FE00BEFA71 /* exception.hpp */ = {isa = PBXFileReference; fileEncoding = 4; lastKnownFileType = sourcecode.cpp.h; name = exception.hpp; path = include/vmmlib/exception.hpp; sourceTree = "<group>"; };
		98D9E40F0E3E269700B046DD /* vmmlib.hpp */ = {isa = PBXFileReference; fileEncoding = 4; lastKnownFileType = sourcecode.cpp.h; name = vmmlib.hpp; path = include/vmmlib/vmmlib.hpp; sourceTree = "<group>"; };
		98D9E4110E3E26E000B046DD /* frustum.hpp */ = {isa = PBXFileReference; fileEncoding = 4; lastKnownFileType = sourcecode.cpp.h; name = frustum.hpp; path = include/vmmlib/frustum.hpp; sourceTree = "<group>"; };
		98D9E4C10E3E314700B046DD /* visibility.hpp */ = {isa = PBXFileReference; fileEncoding = 4; lastKnownFileType = sourcecode.cpp.h; name = visibility.hpp; path = include/vmmlib/visibility.hpp; sourceTree = "<group>"; };
		98F556320E2437540044BA3E /* matrix.hpp */ = {isa = PBXFileReference; fileEncoding = 4; lastKnownFileType = sourcecode.cpp.h; name = matrix.hpp; path = include/vmmlib/matrix.hpp; sourceTree = "<group>"; };
		98F556330E2437540044BA3E /* qr_decomposition.hpp */ = {isa = PBXFileReference; fileEncoding = 4; lastKnownFileType = sourcecode.cpp.h; name = qr_decomposition.hpp; path = include/vmmlib/qr_decomposition.hpp; sourceTree = "<group>"; };
		98F556350E24377F0044BA3E /* matrix_test.cpp */ = {isa = PBXFileReference; fileEncoding = 4; lastKnownFileType = sourcecode.cpp.cpp; name = matrix_test.cpp; path = tests/matrix_test.cpp; sourceTree = "<group>"; };
		98F556360E24377F0044BA3E /* matrix_test.hpp */ = {isa = PBXFileReference; fileEncoding = 4; lastKnownFileType = sourcecode.cpp.h; name = matrix_test.hpp; path = tests/matrix_test.hpp; sourceTree = "<group>"; };
		98F556370E24377F0044BA3E /* qr_decomposition_test.cpp */ = {isa = PBXFileReference; fileEncoding = 4; lastKnownFileType = sourcecode.cpp.cpp; name = qr_decomposition_test.cpp; path = tests/qr_decomposition_test.cpp; sourceTree = "<group>"; };
		98F556380E24377F0044BA3E /* qr_decomposition_test.hpp */ = {isa = PBXFileReference; fileEncoding = 4; lastKnownFileType = sourcecode.cpp.h; name = qr_decomposition_test.hpp; path = tests/qr_decomposition_test.hpp; sourceTree = "<group>"; };
		98FE7DC50E224E8700B1E17F /* vmmlib_unit_tests */ = {isa = PBXFileReference; explicitFileType = "compiled.mach-o.executable"; includeInIndex = 0; path = vmmlib_unit_tests; sourceTree = BUILT_PRODUCTS_DIR; };
		98FE7DCD0E224EC400B1E17F /* unit_test.cpp */ = {isa = PBXFileReference; fileEncoding = 4; lastKnownFileType = sourcecode.cpp.cpp; name = unit_test.cpp; path = tests/unit_test.cpp; sourceTree = "<group>"; };
		98FE7DCE0E224EC400B1E17F /* unit_test.hpp */ = {isa = PBXFileReference; fileEncoding = 4; lastKnownFileType = sourcecode.cpp.h; name = unit_test.hpp; path = tests/unit_test.hpp; sourceTree = "<group>"; };
		CF0647971446DE52007DD062 /* qtucker3_tensor.hpp */ = {isa = PBXFileReference; fileEncoding = 4; lastKnownFileType = sourcecode.cpp.h; name = qtucker3_tensor.hpp; path = include/vmmlib/qtucker3_tensor.hpp; sourceTree = "<group>"; };
		CF0647981446E152007DD062 /* tucker3_exporter.hpp */ = {isa = PBXFileReference; fileEncoding = 4; lastKnownFileType = sourcecode.cpp.h; name = tucker3_exporter.hpp; path = include/vmmlib/tucker3_exporter.hpp; sourceTree = "<group>"; };
		CF06479A1446E17B007DD062 /* tucker3_importer.hpp */ = {isa = PBXFileReference; fileEncoding = 4; lastKnownFileType = sourcecode.cpp.h; name = tucker3_importer.hpp; path = include/vmmlib/tucker3_importer.hpp; sourceTree = "<group>"; };
		CF06479D1446E4B7007DD062 /* tucker3_exporter_importer_test.hpp */ = {isa = PBXFileReference; fileEncoding = 4; lastKnownFileType = sourcecode.cpp.h; name = tucker3_exporter_importer_test.hpp; path = tests/tucker3_exporter_importer_test.hpp; sourceTree = "<group>"; };
		CF06479E1446E4B7007DD062 /* tucker3_exporter_importer_test.cpp */ = {isa = PBXFileReference; fileEncoding = 4; lastKnownFileType = sourcecode.cpp.cpp; name = tucker3_exporter_importer_test.cpp; path = tests/tucker3_exporter_importer_test.cpp; sourceTree = "<group>"; };
		CF0649C614472249007DD062 /* qtucker3_tensor_test.hpp */ = {isa = PBXFileReference; fileEncoding = 4; lastKnownFileType = sourcecode.cpp.h; name = qtucker3_tensor_test.hpp; path = tests/qtucker3_tensor_test.hpp; sourceTree = "<group>"; };
		CF0649C714472249007DD062 /* qtucker3_tensor_test.cpp */ = {isa = PBXFileReference; fileEncoding = 4; lastKnownFileType = sourcecode.cpp.cpp; name = qtucker3_tensor_test.cpp; path = tests/qtucker3_tensor_test.cpp; sourceTree = "<group>"; };
		CF2DD1EF126C7A4A0036DE05 /* cp3_tensor.hpp */ = {isa = PBXFileReference; fileEncoding = 4; lastKnownFileType = sourcecode.cpp.h; name = cp3_tensor.hpp; path = include/vmmlib/cp3_tensor.hpp; sourceTree = "<group>"; };
		CF2DD25B126C8E530036DE05 /* tensor3_iterator.hpp */ = {isa = PBXFileReference; fileEncoding = 4; lastKnownFileType = sourcecode.cpp.h; name = tensor3_iterator.hpp; path = include/vmmlib/tensor3_iterator.hpp; sourceTree = "<group>"; };
		CF2DD25C126C8EAE0036DE05 /* tensor3_iterator_test.hpp */ = {isa = PBXFileReference; fileEncoding = 4; lastKnownFileType = sourcecode.cpp.h; name = tensor3_iterator_test.hpp; path = tests/tensor3_iterator_test.hpp; sourceTree = "<group>"; };
		CF2DD25D126C8EAE0036DE05 /* tensor3_iterator_test.cpp */ = {isa = PBXFileReference; fileEncoding = 4; lastKnownFileType = sourcecode.cpp.cpp; name = tensor3_iterator_test.cpp; path = tests/tensor3_iterator_test.cpp; sourceTree = "<group>"; };
		CF2DD263126C91670036DE05 /* cp3_tensor_test.hpp */ = {isa = PBXFileReference; fileEncoding = 4; lastKnownFileType = sourcecode.cpp.h; name = cp3_tensor_test.hpp; path = tests/cp3_tensor_test.hpp; sourceTree = "<group>"; };
		CF2DD264126C91670036DE05 /* cp3_tensor_test.cpp */ = {isa = PBXFileReference; fileEncoding = 4; lastKnownFileType = sourcecode.cpp.cpp; name = cp3_tensor_test.cpp; path = tests/cp3_tensor_test.cpp; sourceTree = "<group>"; };
		CF42E5E7125F736E00C0A38E /* matrix_pseudoinverse_test.hpp */ = {isa = PBXFileReference; fileEncoding = 4; lastKnownFileType = sourcecode.cpp.h; name = matrix_pseudoinverse_test.hpp; path = tests/matrix_pseudoinverse_test.hpp; sourceTree = "<group>"; };
		CF42E5E9125F738600C0A38E /* matrix_pseudoinverse_test.cpp */ = {isa = PBXFileReference; fileEncoding = 4; lastKnownFileType = sourcecode.cpp.cpp; name = matrix_pseudoinverse_test.cpp; path = tests/matrix_pseudoinverse_test.cpp; sourceTree = "<group>"; };
		CF42E65B125F7F2100C0A38E /* matrix_pseudoinverse.hpp */ = {isa = PBXFileReference; fileEncoding = 4; lastKnownFileType = sourcecode.cpp.h; name = matrix_pseudoinverse.hpp; path = include/vmmlib/matrix_pseudoinverse.hpp; sourceTree = "<group>"; };
		CF596146172ED43300CC06C4 /* lowpass_filter.hpp */ = {isa = PBXFileReference; fileEncoding = 4; lastKnownFileType = sourcecode.cpp.h; name = lowpass_filter.hpp; path = include/vmmlib/lowpass_filter.hpp; sourceTree = "<group>"; };
		CF596147172ED43300CC06C4 /* intersection.hpp */ = {isa = PBXFileReference; fileEncoding = 4; lastKnownFileType = sourcecode.cpp.h; name = intersection.hpp; path = include/vmmlib/intersection.hpp; sourceTree = "<group>"; };
		CF59614A172ED45600CC06C4 /* lowpass_filter_test.hpp */ = {isa = PBXFileReference; fileEncoding = 4; lastKnownFileType = sourcecode.cpp.h; name = lowpass_filter_test.hpp; path = tests/lowpass_filter_test.hpp; sourceTree = "<group>"; };
		CF59614B172ED45600CC06C4 /* lowpass_filter_test.cpp */ = {isa = PBXFileReference; fileEncoding = 4; lastKnownFileType = sourcecode.cpp.cpp; name = lowpass_filter_test.cpp; path = tests/lowpass_filter_test.cpp; sourceTree = "<group>"; };
		CF59614C172ED45600CC06C4 /* intersection_test.hpp */ = {isa = PBXFileReference; fileEncoding = 4; lastKnownFileType = sourcecode.cpp.h; name = intersection_test.hpp; path = tests/intersection_test.hpp; sourceTree = "<group>"; };
		CF59614D172ED45600CC06C4 /* intersection_test.cpp */ = {isa = PBXFileReference; fileEncoding = 4; lastKnownFileType = sourcecode.cpp.cpp; name = intersection_test.cpp; path = tests/intersection_test.cpp; sourceTree = "<group>"; };
		CF75FFD11432315C00CFD46E /* blas_dot.hpp */ = {isa = PBXFileReference; fileEncoding = 4; lastKnownFileType = sourcecode.cpp.h; name = blas_dot.hpp; path = include/vmmlib/blas_dot.hpp; sourceTree = "<group>"; };
		CF75FFF31432383D00CFD46E /* blas_dot_test.hpp */ = {isa = PBXFileReference; fileEncoding = 4; lastKnownFileType = sourcecode.cpp.h; name = blas_dot_test.hpp; path = tests/blas_dot_test.hpp; sourceTree = "<group>"; };
		CF75FFF41432383D00CFD46E /* blas_dot_test.cpp */ = {isa = PBXFileReference; fileEncoding = 4; lastKnownFileType = sourcecode.cpp.cpp; name = blas_dot_test.cpp; path = tests/blas_dot_test.cpp; sourceTree = "<group>"; };
		CF7F632B151F8D4400F033B4 /* t3_converter.hpp */ = {isa = PBXFileReference; fileEncoding = 4; lastKnownFileType = sourcecode.cpp.h; name = t3_converter.hpp; path = include/vmmlib/t3_converter.hpp; sourceTree = "<group>"; };
		CF7FA84C114AAC01003076E4 /* tucker3_tensor.hpp */ = {isa = PBXFileReference; fileEncoding = 4; lastKnownFileType = sourcecode.cpp.h; name = tucker3_tensor.hpp; path = include/vmmlib/tucker3_tensor.hpp; sourceTree = "<group>"; };
		CF7FA8D4114EB617003076E4 /* tucker3_tensor_test.cpp */ = {isa = PBXFileReference; fileEncoding = 4; lastKnownFileType = sourcecode.cpp.cpp; name = tucker3_tensor_test.cpp; path = tests/tucker3_tensor_test.cpp; sourceTree = "<group>"; };
		CF7FA8D9114EB696003076E4 /* tucker3_tensor_test.hpp */ = {isa = PBXFileReference; fileEncoding = 4; lastKnownFileType = sourcecode.cpp.h; name = tucker3_tensor_test.hpp; path = tests/tucker3_tensor_test.hpp; sourceTree = "<group>"; };
		CF906ABE14F56D510043CF23 /* t3_ttm.hpp */ = {isa = PBXFileReference; fileEncoding = 4; lastKnownFileType = sourcecode.cpp.h; name = t3_ttm.hpp; path = include/vmmlib/t3_ttm.hpp; sourceTree = "<group>"; };
		CF906ACC14F56FEC0043CF23 /* t3_ttm_test.hpp */ = {isa = PBXFileReference; fileEncoding = 4; lastKnownFileType = sourcecode.cpp.h; name = t3_ttm_test.hpp; path = tests/t3_ttm_test.hpp; sourceTree = "<group>"; };
		CF906ACD14F56FEC0043CF23 /* t3_ttm_test.cpp */ = {isa = PBXFileReference; fileEncoding = 4; lastKnownFileType = sourcecode.cpp.cpp; name = t3_ttm_test.cpp; path = tests/t3_ttm_test.cpp; sourceTree = "<group>"; };
		CFA7FE00142242BD001EE112 /* t3_ihopm.hpp */ = {isa = PBXFileReference; fileEncoding = 4; lastKnownFileType = sourcecode.cpp.h; name = t3_ihopm.hpp; path = include/vmmlib/t3_ihopm.hpp; sourceTree = "<group>"; };
		CFA7FE4914225C03001EE112 /* t3_ihopm_test.hpp */ = {isa = PBXFileReference; fileEncoding = 4; lastKnownFileType = sourcecode.cpp.h; name = t3_ihopm_test.hpp; path = tests/t3_ihopm_test.hpp; sourceTree = "<group>"; };
		CFA7FE4A14225C03001EE112 /* t3_ihopm_test.cpp */ = {isa = PBXFileReference; fileEncoding = 4; lastKnownFileType = sourcecode.cpp.cpp; name = t3_ihopm_test.cpp; path = tests/t3_ihopm_test.cpp; sourceTree = "<group>"; };
		CFCE701F1509F53100A29C68 /* blas_daxpy.hpp */ = {isa = PBXFileReference; fileEncoding = 4; lastKnownFileType = sourcecode.cpp.h; name = blas_daxpy.hpp; path = include/vmmlib/blas_daxpy.hpp; sourceTree = "<group>"; };
		CFCE7022150A004300A29C68 /* blas_daxpy_test.hpp */ = {isa = PBXFileReference; fileEncoding = 4; lastKnownFileType = sourcecode.cpp.h; name = blas_daxpy_test.hpp; path = tests/blas_daxpy_test.hpp; sourceTree = "<group>"; };
		CFCE7023150A004300A29C68 /* blas_daxpy_test.cpp */ = {isa = PBXFileReference; fileEncoding = 4; lastKnownFileType = sourcecode.cpp.cpp; name = blas_daxpy_test.cpp; path = tests/blas_daxpy_test.cpp; sourceTree = "<group>"; };
		CFD85BC61398E2A100266D85 /* t3_hosvd.hpp */ = {isa = PBXFileReference; fileEncoding = 4; lastKnownFileType = sourcecode.cpp.h; name = t3_hosvd.hpp; path = include/vmmlib/t3_hosvd.hpp; sourceTree = "<group>"; };
		CFD85BC71398E2BE00266D85 /* t3_hooi.hpp */ = {isa = PBXFileReference; fileEncoding = 4; lastKnownFileType = sourcecode.cpp.h; name = t3_hooi.hpp; path = include/vmmlib/t3_hooi.hpp; sourceTree = "<group>"; };
		CFD85BC81398E2D400266D85 /* t3_hopm.hpp */ = {isa = PBXFileReference; fileEncoding = 4; lastKnownFileType = sourcecode.cpp.h; name = t3_hopm.hpp; path = include/vmmlib/t3_hopm.hpp; sourceTree = "<group>"; };
		CFD85C531399060300266D85 /* t3_hosvd_test.hpp */ = {isa = PBXFileReference; fileEncoding = 4; lastKnownFileType = sourcecode.cpp.h; name = t3_hosvd_test.hpp; path = tests/t3_hosvd_test.hpp; sourceTree = "<group>"; };
		CFD85C541399060300266D85 /* t3_hosvd_test.cpp */ = {isa = PBXFileReference; fileEncoding = 4; lastKnownFileType = sourcecode.cpp.cpp; name = t3_hosvd_test.cpp; path = tests/t3_hosvd_test.cpp; sourceTree = "<group>"; };
		CFD85C7F139909EF00266D85 /* t3_hooi_test.hpp */ = {isa = PBXFileReference; fileEncoding = 4; lastKnownFileType = sourcecode.cpp.h; name = t3_hooi_test.hpp; path = tests/t3_hooi_test.hpp; sourceTree = "<group>"; };
		CFD85C80139909EF00266D85 /* t3_hooi_test.cpp */ = {isa = PBXFileReference; fileEncoding = 4; lastKnownFileType = sourcecode.cpp.cpp; name = t3_hooi_test.cpp; path = tests/t3_hooi_test.cpp; sourceTree = "<group>"; };
		CFD85C8213990A0E00266D85 /* t3_hopm_test.hpp */ = {isa = PBXFileReference; fileEncoding = 4; lastKnownFileType = sourcecode.cpp.h; name = t3_hopm_test.hpp; path = tests/t3_hopm_test.hpp; sourceTree = "<group>"; };
		CFD85C8313990A0E00266D85 /* t3_hopm_test.cpp */ = {isa = PBXFileReference; fileEncoding = 4; lastKnownFileType = sourcecode.cpp.cpp; name = t3_hopm_test.cpp; path = tests/t3_hopm_test.cpp; sourceTree = "<group>"; };
		CFE117B216416A030085B653 /* t3_ihooi_test.hpp */ = {isa = PBXFileReference; fileEncoding = 4; lastKnownFileType = sourcecode.cpp.h; name = t3_ihooi_test.hpp; path = tests/t3_ihooi_test.hpp; sourceTree = "<group>"; };
		CFE117B316416A030085B653 /* t3_ihooi_test.cpp */ = {isa = PBXFileReference; fileEncoding = 4; lastKnownFileType = sourcecode.cpp.cpp; name = t3_ihooi_test.cpp; path = tests/t3_ihooi_test.cpp; sourceTree = "<group>"; };
		CFE118A71641AAEA0085B653 /* tensor_stats.hpp */ = {isa = PBXFileReference; fileEncoding = 4; lastKnownFileType = sourcecode.cpp.h; name = tensor_stats.hpp; path = include/vmmlib/tensor_stats.hpp; sourceTree = "<group>"; };
		CFF0C1F21406E4DC00C3ADDB /* blas_dgemm.hpp */ = {isa = PBXFileReference; fileEncoding = 4; lastKnownFileType = sourcecode.cpp.h; name = blas_dgemm.hpp; path = include/vmmlib/blas_dgemm.hpp; sourceTree = "<group>"; };
		CFF0C1F31406E4DC00C3ADDB /* blas_includes.hpp */ = {isa = PBXFileReference; fileEncoding = 4; lastKnownFileType = sourcecode.cpp.h; name = blas_includes.hpp; path = include/vmmlib/blas_includes.hpp; sourceTree = "<group>"; };
		CFF0C1F41406E4DC00C3ADDB /* blas_types.hpp */ = {isa = PBXFileReference; fileEncoding = 4; lastKnownFileType = sourcecode.cpp.h; name = blas_types.hpp; path = include/vmmlib/blas_types.hpp; sourceTree = "<group>"; };
		CFF0C1F81406E55200C3ADDB /* blas_dgemm_test.cpp */ = {isa = PBXFileReference; fileEncoding = 4; lastKnownFileType = sourcecode.cpp.cpp; name = blas_dgemm_test.cpp; path = tests/blas_dgemm_test.cpp; sourceTree = "<group>"; };
		CFF0C1F91406E55200C3ADDB /* blas_dgemm_test.hpp */ = {isa = PBXFileReference; fileEncoding = 4; lastKnownFileType = sourcecode.cpp.h; name = blas_dgemm_test.hpp; path = tests/blas_dgemm_test.hpp; sourceTree = "<group>"; };
		CFF1967D14F3F31A00758DF7 /* validator.hpp */ = {isa = PBXFileReference; fileEncoding = 4; lastKnownFileType = sourcecode.cpp.h; name = validator.hpp; path = include/vmmlib/validator.hpp; sourceTree = "<group>"; };
		CFF952C41312B52C00071FB3 /* lapack_sym_eigs.hpp */ = {isa = PBXFileReference; fileEncoding = 4; lastKnownFileType = sourcecode.cpp.h; name = lapack_sym_eigs.hpp; path = include/vmmlib/lapack_sym_eigs.hpp; sourceTree = "<group>"; };
		CFF95531131CECD100071FB3 /* lapack_sym_eigs_test.hpp */ = {isa = PBXFileReference; fileEncoding = 4; lastKnownFileType = sourcecode.cpp.h; name = lapack_sym_eigs_test.hpp; path = tests/lapack_sym_eigs_test.hpp; sourceTree = "<group>"; };
		CFF95532131CECD100071FB3 /* lapack_sym_eigs_test.cpp */ = {isa = PBXFileReference; fileEncoding = 4; lastKnownFileType = sourcecode.cpp.cpp; name = lapack_sym_eigs_test.cpp; path = tests/lapack_sym_eigs_test.cpp; sourceTree = "<group>"; };
		CFF98C5215B8178100F599FE /* tensor4.hpp */ = {isa = PBXFileReference; fileEncoding = 4; lastKnownFileType = sourcecode.cpp.h; name = tensor4.hpp; path = include/vmmlib/tensor4.hpp; sourceTree = "<group>"; };
		CFF98C5315B817BC00F599FE /* tensor4_test.cpp */ = {isa = PBXFileReference; fileEncoding = 4; lastKnownFileType = sourcecode.cpp.cpp; name = tensor4_test.cpp; path = tests/tensor4_test.cpp; sourceTree = "<group>"; };
		CFF98C5415B817BC00F599FE /* tensor4_test.hpp */ = {isa = PBXFileReference; fileEncoding = 4; lastKnownFileType = sourcecode.cpp.h; name = tensor4_test.hpp; path = tests/tensor4_test.hpp; sourceTree = "<group>"; };
		CFF98CEF15B8556B00F599FE /* t4_converter.hpp */ = {isa = PBXFileReference; fileEncoding = 4; lastKnownFileType = sourcecode.cpp.h; name = t4_converter.hpp; path = include/vmmlib/t4_converter.hpp; sourceTree = "<group>"; };
		CFF98F5415BF0DC600F599FE /* t4_converter_test.hpp */ = {isa = PBXFileReference; fileEncoding = 4; lastKnownFileType = sourcecode.cpp.h; name = t4_converter_test.hpp; path = tests/t4_converter_test.hpp; sourceTree = "<group>"; };
		CFF98F5515BF0DC600F599FE /* t4_converter_test.cpp */ = {isa = PBXFileReference; fileEncoding = 4; lastKnownFileType = sourcecode.cpp.cpp; name = t4_converter_test.cpp; path = tests/t4_converter_test.cpp; sourceTree = "<group>"; };
		CFF98FFD15C1C03400F599FE /* tensor_mmapper.hpp */ = {isa = PBXFileReference; fileEncoding = 4; lastKnownFileType = sourcecode.cpp.h; name = tensor_mmapper.hpp; path = include/vmmlib/tensor_mmapper.hpp; sourceTree = "<group>"; };
		CFFAA7F416402F4C0054BF54 /* t3_ttv.hpp */ = {isa = PBXFileReference; fileEncoding = 4; lastKnownFileType = sourcecode.cpp.h; name = t3_ttv.hpp; path = include/vmmlib/t3_ttv.hpp; sourceTree = "<group>"; };
		CFFAA7F516402F4C0054BF54 /* t3_ihooi.hpp */ = {isa = PBXFileReference; fileEncoding = 4; lastKnownFileType = sourcecode.cpp.h; name = t3_ihooi.hpp; path = include/vmmlib/t3_ihooi.hpp; sourceTree = "<group>"; };
/* End PBXFileReference section */

/* Begin PBXFrameworksBuildPhase section */
		9839FE1D0E2BB24700A16721 /* Frameworks */ = {
			isa = PBXFrameworksBuildPhase;
			buildActionMask = 2147483647;
			files = (
				9839FE440E2BB25200A16721 /* Accelerate.framework in Frameworks */,
			);
			runOnlyForDeploymentPostprocessing = 0;
		};
		98B7A2470E24C85C0064264E /* Frameworks */ = {
			isa = PBXFrameworksBuildPhase;
			buildActionMask = 2147483647;
			files = (
				98C561060F1BA62B0026B925 /* Accelerate.framework in Frameworks */,
			);
			runOnlyForDeploymentPostprocessing = 0;
		};
		98FE7DC30E224E8700B1E17F /* Frameworks */ = {
			isa = PBXFrameworksBuildPhase;
			buildActionMask = 2147483647;
			files = (
				98244C010E3F76930018E13A /* Accelerate.framework in Frameworks */,
			);
			runOnlyForDeploymentPostprocessing = 0;
		};
/* End PBXFrameworksBuildPhase section */

/* Begin PBXGroup section */
		034768DFFF38A50411DB9C8B /* Products */ = {
			isa = PBXGroup;
			children = (
				98FE7DC50E224E8700B1E17F /* vmmlib_unit_tests */,
				98B7A2490E24C85C0064264E /* vmmlib_performance_tests */,
				9839FE1F0E2BB24700A16721 /* vmmlib_lapack_test */,
			);
			name = Products;
			sourceTree = "<group>";
		};
		0867D691FE84028FC02AAC07 /* VMMLib */ = {
			isa = PBXGroup;
			children = (
				08FB77AEFE84172EC02AAC07 /* Library */,
				988F58330C22C0720005AC92 /* Tests */,
				089C1665FE841158C02AAC07 /* Resources */,
				0867D69AFE84028FC02AAC07 /* External Frameworks and Libraries */,
				034768DFFF38A50411DB9C8B /* Products */,
			);
			name = VMMLib;
			sourceTree = "<group>";
		};
		0867D69AFE84028FC02AAC07 /* External Frameworks and Libraries */ = {
			isa = PBXGroup;
			children = (
				9839FE0E0E2BB16D00A16721 /* Accelerate.framework */,
			);
			name = "External Frameworks and Libraries";
			sourceTree = "<group>";
		};
		089C1665FE841158C02AAC07 /* Resources */ = {
			isa = PBXGroup;
			children = (
				985F6FCC0C6B7C67002B05C5 /* LICENSE */,
				988F5A100C22CAFE0005AC92 /* README */,
			);
			name = Resources;
			sourceTree = "<group>";
		};
		08FB77AEFE84172EC02AAC07 /* Library */ = {
			isa = PBXGroup;
			children = (
				98D9E40F0E3E269700B046DD /* vmmlib.hpp */,
				9868345D0E24F97D00618F55 /* vmmlib_config.hpp */,
				98F556320E2437540044BA3E /* matrix.hpp */,
				98B7A3F00E24EAA30064264E /* matrix_functors.hpp */,
				9868345B0E24F8F300618F55 /* vector.hpp */,
				98D402D30E38D6A000B24DF1 /* quaternion.hpp */,
				CF42E65B125F7F2100C0A38E /* matrix_pseudoinverse.hpp */,
				CF596146172ED43300CC06C4 /* lowpass_filter.hpp */,
				CF596147172ED43300CC06C4 /* intersection.hpp */,
				98596E640FB48941006CA0F8 /* advanced */,
				98596E630FB48923006CA0F8 /* misc */,
				98596E740FB489AC006CA0F8 /* frustum */,
				984763FD110DDB210024A1F8 /* tensor */,
				CFF0C1F11406E4BA00C3ADDB /* blas */,
				9839FE5C0E2BB59800A16721 /* lapack */,
				984F581111B8CFB50027D673 /* boost la */,
			);
			name = Library;
			sourceTree = "<group>";
		};
		9839FE5C0E2BB59800A16721 /* lapack */ = {
			isa = PBXGroup;
			children = (
				9839FE5D0E2BB5B300A16721 /* vmmlib_lapack_main.cpp */,
				982449FD0E3F584A0018E13A /* lapack.hpp */,
				98584AF50E643AEC00314C4C /* lapack_types.hpp */,
				98584B140E643BFC00314C4C /* lapack_includes.hpp */,
				982449FC0E3F584A0018E13A /* lapack_linear_least_squares.hpp */,
				982449FB0E3F584A0018E13A /* lapack_svd.hpp */,
				9863B6E711903E5D00887FFC /* lapack_gaussian_elimination.hpp */,
				CFF952C41312B52C00071FB3 /* lapack_sym_eigs.hpp */,
			);
			name = lapack;
			sourceTree = "<group>";
		};
		984763FD110DDB210024A1F8 /* tensor */ = {
			isa = PBXGroup;
			children = (
				984763FE110DDB3C0024A1F8 /* tensor3.hpp */,
				CFF98FFD15C1C03400F599FE /* tensor_mmapper.hpp */,
				CF2DD25B126C8E530036DE05 /* tensor3_iterator.hpp */,
				CF7FA84C114AAC01003076E4 /* tucker3_tensor.hpp */,
				CF0647971446DE52007DD062 /* qtucker3_tensor.hpp */,
				CF0647981446E152007DD062 /* tucker3_exporter.hpp */,
				CF06479A1446E17B007DD062 /* tucker3_importer.hpp */,
				CF2DD1EF126C7A4A0036DE05 /* cp3_tensor.hpp */,
				CFFAA7F416402F4C0054BF54 /* t3_ttv.hpp */,
				CF906ABE14F56D510043CF23 /* t3_ttm.hpp */,
				CFD85BC61398E2A100266D85 /* t3_hosvd.hpp */,
				CFD85BC71398E2BE00266D85 /* t3_hooi.hpp */,
				CFFAA7F516402F4C0054BF54 /* t3_ihooi.hpp */,
				CFD85BC81398E2D400266D85 /* t3_hopm.hpp */,
				CFA7FE00142242BD001EE112 /* t3_ihopm.hpp */,
				CFE118A71641AAEA0085B653 /* tensor_stats.hpp */,
				CF7F632B151F8D4400F033B4 /* t3_converter.hpp */,
				CFF98C5215B8178100F599FE /* tensor4.hpp */,
				CFF98CEF15B8556B00F599FE /* t4_converter.hpp */,
			);
			name = tensor;
			sourceTree = "<group>";
		};
		984F581111B8CFB50027D673 /* boost la */ = {
			isa = PBXGroup;
			children = (
				984F581211B8CFD90027D673 /* vector_traits.hpp */,
				984F581311B8CFD90027D673 /* matrix_traits.hpp */,
			);
			name = "boost la";
			sourceTree = "<group>";
		};
		98596E630FB48923006CA0F8 /* misc */ = {
			isa = PBXGroup;
			children = (
				985964770FB177A6006CA0F8 /* math.hpp */,
				98596E620FB4891E006CA0F8 /* enable_if.hpp */,
				98D4102C0E2658FE00BEFA71 /* exception.hpp */,
				CFF1967D14F3F31A00758DF7 /* validator.hpp */,
			);
			name = misc;
			sourceTree = "<group>";
		};
		98596E640FB48941006CA0F8 /* advanced */ = {
			isa = PBXGroup;
			children = (
				98F556330E2437540044BA3E /* qr_decomposition.hpp */,
				9839FA1D0E2B5A6C00A16721 /* svd.hpp */,
				98596E730FB4897C006CA0F8 /* jacobi_solver.hpp */,
			);
			name = advanced;
			sourceTree = "<group>";
		};
		98596E740FB489AC006CA0F8 /* frustum */ = {
			isa = PBXGroup;
			children = (
				98D9E4110E3E26E000B046DD /* frustum.hpp */,
				98596E840FB489D4006CA0F8 /* frustum_culler.hpp */,
				98D9E4C10E3E314700B046DD /* visibility.hpp */,
			);
			name = frustum;
			sourceTree = "<group>";
		};
		988F58330C22C0720005AC92 /* Tests */ = {
			isa = PBXGroup;
			children = (
				98B7A24D0E24C8750064264E /* unit testing */,
				98B7A24F0E24C87E0064264E /* performance testing */,
			);
			name = Tests;
			sourceTree = "<group>";
		};
		98B7A24D0E24C8750064264E /* unit testing */ = {
			isa = PBXGroup;
			children = (
				98B7A2500E24C8E70064264E /* vmmlib_unit_tests_main.cpp */,
				98FE7DCE0E224EC400B1E17F /* unit_test.hpp */,
				98FE7DCD0E224EC400B1E17F /* unit_test.cpp */,
				98D23D8D15B964590012DABB /* unit_test_globals.hpp */,
				98D23D8C15B964590012DABB /* unit_test_globals.cpp */,
				98B7A2620E24CA760064264E /* unit tests */,
			);
			name = "unit testing";
			sourceTree = "<group>";
		};
		98B7A24F0E24C87E0064264E /* performance testing */ = {
			isa = PBXGroup;
			children = (
				98B7A2510E24C8E70064264E /* vmmlib_performance_tests_main.cpp */,
				98B7A2690E24CB140064264E /* performance_test.hpp */,
				98B7A2680E24CB140064264E /* performance_test.cpp */,
				98B7A2550E24C9540064264E /* timer.hpp */,
				98B7A2560E24C9540064264E /* timer.cpp */,
				98B7A2A20E24DF7A0064264E /* performance tests */,
			);
			name = "performance testing";
			sourceTree = "<group>";
		};
		98B7A2620E24CA760064264E /* unit tests */ = {
			isa = PBXGroup;
			children = (
				98F556360E24377F0044BA3E /* matrix_test.hpp */,
				98F556350E24377F0044BA3E /* matrix_test.cpp */,
				986834C00E24FFD400618F55 /* vector_test.hpp */,
				986834BF0E24FFD400618F55 /* vector_test.cpp */,
				98D402D50E38D6A000B24DF1 /* quaternion_test.hpp */,
				98D402D40E38D6A000B24DF1 /* quaternion_test.cpp */,
				98B22A270FB8353900EEDF5F /* frustum_test.hpp */,
				98B22A260FB8353900EEDF5F /* frustum_test.cpp */,
				98F556380E24377F0044BA3E /* qr_decomposition_test.hpp */,
				98F556370E24377F0044BA3E /* qr_decomposition_test.cpp */,
				9839FA230E2B5BBB00A16721 /* svd_test.hpp */,
				9839FA220E2B5BBB00A16721 /* svd_test.cpp */,
				98B230720FB985D700EEDF5F /* jacobi_test.hpp */,
				98B230710FB985D700EEDF5F /* jacobi_test.cpp */,
				98244A3C0E3F5AEE0018E13A /* lapack_svd_test.hpp */,
				98244A3B0E3F5AEE0018E13A /* lapack_svd_test.cpp */,
				98244A3E0E3F5AEE0018E13A /* lapack_linear_least_squares_test.hpp */,
				98244A3D0E3F5AEE0018E13A /* lapack_linear_least_squares_test.cpp */,
				9863B6F011903EFE00887FFC /* lapack_gaussian_elimination_test.hpp */,
				9863B6F111903EFE00887FFC /* lapack_gaussian_elimination_test.cpp */,
				CFF95531131CECD100071FB3 /* lapack_sym_eigs_test.hpp */,
				CFF95532131CECD100071FB3 /* lapack_sym_eigs_test.cpp */,
				CF42E5E7125F736E00C0A38E /* matrix_pseudoinverse_test.hpp */,
				CF42E5E9125F738600C0A38E /* matrix_pseudoinverse_test.cpp */,
				CF59614A172ED45600CC06C4 /* lowpass_filter_test.hpp */,
				CF59614B172ED45600CC06C4 /* lowpass_filter_test.cpp */,
				CF59614C172ED45600CC06C4 /* intersection_test.hpp */,
				CF59614D172ED45600CC06C4 /* intersection_test.cpp */,
				98476418110DDB940024A1F8 /* tensor3_test.hpp */,
				98476417110DDB940024A1F8 /* tensor3_test.cpp */,
				CF2DD25C126C8EAE0036DE05 /* tensor3_iterator_test.hpp */,
				CF2DD25D126C8EAE0036DE05 /* tensor3_iterator_test.cpp */,
				CF7FA8D9114EB696003076E4 /* tucker3_tensor_test.hpp */,
				CF7FA8D4114EB617003076E4 /* tucker3_tensor_test.cpp */,
				CF0649C614472249007DD062 /* qtucker3_tensor_test.hpp */,
				CF0649C714472249007DD062 /* qtucker3_tensor_test.cpp */,
				CF06479D1446E4B7007DD062 /* tucker3_exporter_importer_test.hpp */,
				CF06479E1446E4B7007DD062 /* tucker3_exporter_importer_test.cpp */,
				CF2DD263126C91670036DE05 /* cp3_tensor_test.hpp */,
				CF2DD264126C91670036DE05 /* cp3_tensor_test.cpp */,
				CF906ACC14F56FEC0043CF23 /* t3_ttm_test.hpp */,
				CF906ACD14F56FEC0043CF23 /* t3_ttm_test.cpp */,
				CFD85C531399060300266D85 /* t3_hosvd_test.hpp */,
				CFD85C541399060300266D85 /* t3_hosvd_test.cpp */,
				CFD85C7F139909EF00266D85 /* t3_hooi_test.hpp */,
				CFD85C80139909EF00266D85 /* t3_hooi_test.cpp */,
				CFE117B216416A030085B653 /* t3_ihooi_test.hpp */,
				CFE117B316416A030085B653 /* t3_ihooi_test.cpp */,
				CFD85C8213990A0E00266D85 /* t3_hopm_test.hpp */,
				CFD85C8313990A0E00266D85 /* t3_hopm_test.cpp */,
				CFA7FE4914225C03001EE112 /* t3_ihopm_test.hpp */,
				CFA7FE4A14225C03001EE112 /* t3_ihopm_test.cpp */,
				CFF0C1F91406E55200C3ADDB /* blas_dgemm_test.hpp */,
				CFF0C1F81406E55200C3ADDB /* blas_dgemm_test.cpp */,
				CF75FFF31432383D00CFD46E /* blas_dot_test.hpp */,
				CF75FFF41432383D00CFD46E /* blas_dot_test.cpp */,
				CFCE7022150A004300A29C68 /* blas_daxpy_test.hpp */,
				CFCE7023150A004300A29C68 /* blas_daxpy_test.cpp */,
				CFF98C5415B817BC00F599FE /* tensor4_test.hpp */,
				CFF98C5315B817BC00F599FE /* tensor4_test.cpp */,
				CFF98F5415BF0DC600F599FE /* t4_converter_test.hpp */,
				CFF98F5515BF0DC600F599FE /* t4_converter_test.cpp */,
			);
			name = "unit tests";
			sourceTree = "<group>";
		};
		98B7A2A20E24DF7A0064264E /* performance tests */ = {
			isa = PBXGroup;
			children = (
				98B7A2A40E24DF910064264E /* matrix_compare_perf_test.hpp */,
				98B7A2A30E24DF910064264E /* matrix_compare_perf_test.cpp */,
				9839FEF70E2BC67400A16721 /* svd_lapack_vs_old.hpp */,
				9839FEF60E2BC67400A16721 /* svd_lapack_vs_old.cpp */,
			);
			name = "performance tests";
			sourceTree = "<group>";
		};
		CFF0C1F11406E4BA00C3ADDB /* blas */ = {
			isa = PBXGroup;
			children = (
				CFF0C1F21406E4DC00C3ADDB /* blas_dgemm.hpp */,
				CF75FFD11432315C00CFD46E /* blas_dot.hpp */,
				CFCE701F1509F53100A29C68 /* blas_daxpy.hpp */,
				CFF0C1F31406E4DC00C3ADDB /* blas_includes.hpp */,
				CFF0C1F41406E4DC00C3ADDB /* blas_types.hpp */,
			);
			name = blas;
			sourceTree = "<group>";
		};
/* End PBXGroup section */

/* Begin PBXNativeTarget section */
		9839FE1E0E2BB24700A16721 /* vmmlib_lapack_test */ = {
			isa = PBXNativeTarget;
			buildConfigurationList = 9839FE470E2BB26400A16721 /* Build configuration list for PBXNativeTarget "vmmlib_lapack_test" */;
			buildPhases = (
				9839FE1C0E2BB24700A16721 /* Sources */,
				9839FE1D0E2BB24700A16721 /* Frameworks */,
			);
			buildRules = (
			);
			dependencies = (
			);
			name = vmmlib_lapack_test;
			productName = vmmlib_lapack_test;
			productReference = 9839FE1F0E2BB24700A16721 /* vmmlib_lapack_test */;
			productType = "com.apple.product-type.tool";
		};
		98B7A2480E24C85C0064264E /* vmmlib_performance_tests */ = {
			isa = PBXNativeTarget;
			buildConfigurationList = 98B7A24E0E24C8750064264E /* Build configuration list for PBXNativeTarget "vmmlib_performance_tests" */;
			buildPhases = (
				98B7A2460E24C85C0064264E /* Sources */,
				98B7A2470E24C85C0064264E /* Frameworks */,
			);
			buildRules = (
			);
			dependencies = (
			);
			name = vmmlib_performance_tests;
			productName = vmmlib_performance_tests;
			productReference = 98B7A2490E24C85C0064264E /* vmmlib_performance_tests */;
			productType = "com.apple.product-type.tool";
		};
		98FE7DC40E224E8700B1E17F /* vmmlib_unit_tests */ = {
			isa = PBXNativeTarget;
			buildConfigurationList = 98FE7DCA0E224E9800B1E17F /* Build configuration list for PBXNativeTarget "vmmlib_unit_tests" */;
			buildPhases = (
				98FE7DC20E224E8700B1E17F /* Sources */,
				98FE7DC30E224E8700B1E17F /* Frameworks */,
			);
			buildRules = (
			);
			dependencies = (
			);
			name = vmmlib_unit_tests;
			productName = vmmlib_unit_tests;
			productReference = 98FE7DC50E224E8700B1E17F /* vmmlib_unit_tests */;
			productType = "com.apple.product-type.tool";
		};
/* End PBXNativeTarget section */

/* Begin PBXProject section */
		0867D690FE84028FC02AAC07 /* Project object */ = {
			isa = PBXProject;
			buildConfigurationList = 1DEB91B108733DA50010E9CD /* Build configuration list for PBXProject "vmmlib" */;
			compatibilityVersion = "Xcode 2.4";
			developmentRegion = English;
			hasScannedForEncodings = 1;
			knownRegions = (
				English,
				Japanese,
				French,
				German,
			);
			mainGroup = 0867D691FE84028FC02AAC07 /* VMMLib */;
			productRefGroup = 034768DFFF38A50411DB9C8B /* Products */;
			projectDirPath = "";
			projectRoot = "";
			targets = (
				98FE7DC40E224E8700B1E17F /* vmmlib_unit_tests */,
				98B7A2480E24C85C0064264E /* vmmlib_performance_tests */,
				9839FE1E0E2BB24700A16721 /* vmmlib_lapack_test */,
			);
		};
/* End PBXProject section */

/* Begin PBXSourcesBuildPhase section */
		9839FE1C0E2BB24700A16721 /* Sources */ = {
			isa = PBXSourcesBuildPhase;
			buildActionMask = 2147483647;
			files = (
				98D23D9115B96AA30012DABB /* unit_test_globals.cpp in Sources */,
				9839FE5E0E2BB5B300A16721 /* vmmlib_lapack_main.cpp in Sources */,
				9839FEF80E2BC67400A16721 /* svd_lapack_vs_old.cpp in Sources */,
				9839FF000E2BC75D00A16721 /* performance_test.cpp in Sources */,
				9839FF020E2BC76600A16721 /* timer.cpp in Sources */,
				98D402D60E38D6A000B24DF1 /* quaternion_test.cpp in Sources */,
				98244A330E3F5A5E0018E13A /* unit_test.cpp in Sources */,
				98244A3F0E3F5AEE0018E13A /* lapack_svd_test.cpp in Sources */,
				98244A400E3F5AEE0018E13A /* lapack_linear_least_squares_test.cpp in Sources */,
			);
			runOnlyForDeploymentPostprocessing = 0;
		};
		98B7A2460E24C85C0064264E /* Sources */ = {
			isa = PBXSourcesBuildPhase;
			buildActionMask = 2147483647;
			files = (
				98D23D9015B96A930012DABB /* unit_test_globals.cpp in Sources */,
				98B7A2540E24C8F40064264E /* vmmlib_performance_tests_main.cpp in Sources */,
				98B7A2570E24C9540064264E /* timer.cpp in Sources */,
				98B7A26A0E24CB140064264E /* performance_test.cpp in Sources */,
				98B7A2A50E24DF910064264E /* matrix_compare_perf_test.cpp in Sources */,
				986834C20E24FFD400618F55 /* vector_test.cpp in Sources */,
				9839FA250E2B5BBB00A16721 /* svd_test.cpp in Sources */,
				98FAB2960E30CDF400C1A8FC /* unit_test.cpp in Sources */,
				98D402D80E38D6A000B24DF1 /* quaternion_test.cpp in Sources */,
				98244A430E3F5AEE0018E13A /* lapack_svd_test.cpp in Sources */,
				98244A440E3F5AEE0018E13A /* lapack_linear_least_squares_test.cpp in Sources */,
			);
			runOnlyForDeploymentPostprocessing = 0;
		};
		98FE7DC20E224E8700B1E17F /* Sources */ = {
			isa = PBXSourcesBuildPhase;
			buildActionMask = 2147483647;
			files = (
				98FE7DCF0E224EC400B1E17F /* unit_test.cpp in Sources */,
				98F5563A0E24377F0044BA3E /* matrix_test.cpp in Sources */,
				98F5563B0E24377F0044BA3E /* qr_decomposition_test.cpp in Sources */,
				98B7A2520E24C8E70064264E /* vmmlib_unit_tests_main.cpp in Sources */,
				986834C10E24FFD400618F55 /* vector_test.cpp in Sources */,
				9839FA240E2B5BBB00A16721 /* svd_test.cpp in Sources */,
				98D402D70E38D6A000B24DF1 /* quaternion_test.cpp in Sources */,
				98244A410E3F5AEE0018E13A /* lapack_svd_test.cpp in Sources */,
				98244A420E3F5AEE0018E13A /* lapack_linear_least_squares_test.cpp in Sources */,
				98B22A280FB8353900EEDF5F /* frustum_test.cpp in Sources */,
				98B230730FB985D700EEDF5F /* jacobi_test.cpp in Sources */,
				98476419110DDB940024A1F8 /* tensor3_test.cpp in Sources */,
				CF7FA8D5114EB617003076E4 /* tucker3_tensor_test.cpp in Sources */,
				9863B6F211903EFE00887FFC /* lapack_gaussian_elimination_test.cpp in Sources */,
				CF42E5EA125F738600C0A38E /* matrix_pseudoinverse_test.cpp in Sources */,
				CF2DD25E126C8EAE0036DE05 /* tensor3_iterator_test.cpp in Sources */,
				CF2DD265126C91670036DE05 /* cp3_tensor_test.cpp in Sources */,
				CFF95533131CECD100071FB3 /* lapack_sym_eigs_test.cpp in Sources */,
				CFD85C551399060300266D85 /* t3_hosvd_test.cpp in Sources */,
				CFD85C81139909EF00266D85 /* t3_hooi_test.cpp in Sources */,
				CFD85C8413990A0E00266D85 /* t3_hopm_test.cpp in Sources */,
				CFF0C1FA1406E55200C3ADDB /* blas_dgemm_test.cpp in Sources */,
				CFA7FE4B14225C03001EE112 /* t3_ihopm_test.cpp in Sources */,
				CF75FFF51432383D00CFD46E /* blas_dot_test.cpp in Sources */,
				CF06479F1446E4B7007DD062 /* tucker3_exporter_importer_test.cpp in Sources */,
				CF0649C814472249007DD062 /* qtucker3_tensor_test.cpp in Sources */,
				CF906ACE14F56FEC0043CF23 /* t3_ttm_test.cpp in Sources */,
				CFCE7024150A004300A29C68 /* blas_daxpy_test.cpp in Sources */,
				CFF98C5515B817BC00F599FE /* tensor4_test.cpp in Sources */,
				98D23D8E15B964590012DABB /* unit_test_globals.cpp in Sources */,
				CFF98F5615BF0DC600F599FE /* t4_converter_test.cpp in Sources */,
				CFE117B416416A030085B653 /* t3_ihooi_test.cpp in Sources */,
				CF59614E172ED45600CC06C4 /* lowpass_filter_test.cpp in Sources */,
				CF59614F172ED45600CC06C4 /* intersection_test.cpp in Sources */,
			);
			runOnlyForDeploymentPostprocessing = 0;
		};
/* End PBXSourcesBuildPhase section */

/* Begin XCBuildConfiguration section */
		1DEB91B208733DA50010E9CD /* Debug */ = {
			isa = XCBuildConfiguration;
			buildSettings = {
				ARCHS = (
					ppc,
					ppc64,
					i386,
					x86_64,
				);
				ENABLE_OPENMP_SUPPORT = YES;
				GCC_WARN_ABOUT_RETURN_TYPE = YES;
				GCC_WARN_UNUSED_VARIABLE = YES;
				PREBINDING = NO;
				SDKROOT = "";
				USER_HEADER_SEARCH_PATHS = "$(SRCROOT)/include";
			};
			name = Debug;
		};
		1DEB91B308733DA50010E9CD /* Release */ = {
			isa = XCBuildConfiguration;
			buildSettings = {
				ARCHS = (
					ppc,
					ppc64,
					i386,
					x86_64,
				);
				GCC_OPTIMIZATION_LEVEL = 3;
				GCC_WARN_ABOUT_RETURN_TYPE = YES;
				GCC_WARN_UNUSED_VARIABLE = YES;
				PREBINDING = NO;
				SDKROOT = "";
				USER_HEADER_SEARCH_PATHS = "$(SRCROOT)/include";
			};
			name = Release;
		};
		9839FE210E2BB24800A16721 /* Debug */ = {
			isa = XCBuildConfiguration;
			buildSettings = {
				COPY_PHASE_STRIP = NO;
				GCC_DYNAMIC_NO_PIC = NO;
				GCC_ENABLE_FIX_AND_CONTINUE = YES;
				GCC_MODEL_TUNING = G5;
				GCC_OPTIMIZATION_LEVEL = 0;
				GCC_PREPROCESSOR_DEFINITIONS = VMMLIB_NO_TYPEDEFS;
				INSTALL_PATH = /usr/local/bin;
				PREBINDING = NO;
				PRODUCT_NAME = vmmlib_lapack_test;
				ZERO_LINK = YES;
			};
			name = Debug;
		};
		9839FE220E2BB24800A16721 /* Release */ = {
			isa = XCBuildConfiguration;
			buildSettings = {
				COPY_PHASE_STRIP = YES;
				DEBUG_INFORMATION_FORMAT = "dwarf-with-dsym";
				GCC_ENABLE_FIX_AND_CONTINUE = NO;
				GCC_MODEL_TUNING = G5;
				GCC_OPTIMIZATION_LEVEL = 3;
				GCC_PREPROCESSOR_DEFINITIONS = VMMLIB_NO_TYPEDEFS;
				INSTALL_PATH = /usr/local/bin;
				OTHER_CFLAGS = "";
				PREBINDING = NO;
				PRODUCT_NAME = vmmlib_lapack_test;
				ZERO_LINK = NO;
			};
			name = Release;
		};
		98B7A24B0E24C85C0064264E /* Debug */ = {
			isa = XCBuildConfiguration;
			buildSettings = {
				COPY_PHASE_STRIP = NO;
				GCC_DYNAMIC_NO_PIC = NO;
				GCC_ENABLE_FIX_AND_CONTINUE = YES;
				GCC_MODEL_TUNING = G5;
				GCC_OPTIMIZATION_LEVEL = 0;
				GCC_PREPROCESSOR_DEFINITIONS = VMMLIB_NO_TYPEDEFS;
				INSTALL_PATH = /usr/local/bin;
				PREBINDING = NO;
				PRODUCT_NAME = vmmlib_performance_tests;
				ZERO_LINK = YES;
			};
			name = Debug;
		};
		98B7A24C0E24C85C0064264E /* Release */ = {
			isa = XCBuildConfiguration;
			buildSettings = {
				COPY_PHASE_STRIP = YES;
				DEBUG_INFORMATION_FORMAT = "dwarf-with-dsym";
				GCC_ENABLE_FIX_AND_CONTINUE = NO;
				GCC_MODEL_TUNING = G5;
				GCC_PREPROCESSOR_DEFINITIONS = VMMLIB_NO_TYPEDEFS;
				INSTALL_PATH = /usr/local/bin;
				OTHER_CFLAGS = "-DNDEBUG";
				PREBINDING = NO;
				PRODUCT_NAME = vmmlib_performance_tests;
				ZERO_LINK = NO;
			};
			name = Release;
		};
		98FE7DC70E224E8800B1E17F /* Debug */ = {
			isa = XCBuildConfiguration;
			buildSettings = {
				COPY_PHASE_STRIP = NO;
				GCC_DYNAMIC_NO_PIC = NO;
				GCC_ENABLE_FIX_AND_CONTINUE = YES;
				GCC_MODEL_TUNING = G5;
				GCC_OPTIMIZATION_LEVEL = 0;
				GCC_PREPROCESSOR_DEFINITIONS = (
					VMMLIB_USE_BLAS,
					VMMLIB_USE_LAPACK,
				);
				INSTALL_PATH = /usr/local/bin;
				ONLY_ACTIVE_ARCH = YES;
				PREBINDING = NO;
				PRODUCT_NAME = vmmlib_unit_tests;
				ZERO_LINK = YES;
			};
			name = Debug;
		};
		98FE7DC80E224E8800B1E17F /* Release */ = {
			isa = XCBuildConfiguration;
			buildSettings = {
				COPY_PHASE_STRIP = YES;
				DEBUG_INFORMATION_FORMAT = "dwarf-with-dsym";
				GCC_ENABLE_FIX_AND_CONTINUE = NO;
				GCC_MODEL_TUNING = G5;
				GCC_PREPROCESSOR_DEFINITIONS = "";
				INSTALL_PATH = /usr/local/bin;
				ONLY_ACTIVE_ARCH = YES;
				PREBINDING = NO;
				PRODUCT_NAME = vmmlib_unit_tests;
				ZERO_LINK = NO;
			};
			name = Release;
		};
/* End XCBuildConfiguration section */

/* Begin XCConfigurationList section */
		1DEB91B108733DA50010E9CD /* Build configuration list for PBXProject "vmmlib" */ = {
			isa = XCConfigurationList;
			buildConfigurations = (
				1DEB91B208733DA50010E9CD /* Debug */,
				1DEB91B308733DA50010E9CD /* Release */,
			);
			defaultConfigurationIsVisible = 0;
			defaultConfigurationName = Release;
		};
		9839FE470E2BB26400A16721 /* Build configuration list for PBXNativeTarget "vmmlib_lapack_test" */ = {
			isa = XCConfigurationList;
			buildConfigurations = (
				9839FE210E2BB24800A16721 /* Debug */,
				9839FE220E2BB24800A16721 /* Release */,
			);
			defaultConfigurationIsVisible = 0;
			defaultConfigurationName = Release;
		};
		98B7A24E0E24C8750064264E /* Build configuration list for PBXNativeTarget "vmmlib_performance_tests" */ = {
			isa = XCConfigurationList;
			buildConfigurations = (
				98B7A24B0E24C85C0064264E /* Debug */,
				98B7A24C0E24C85C0064264E /* Release */,
			);
			defaultConfigurationIsVisible = 0;
			defaultConfigurationName = Release;
		};
		98FE7DCA0E224E9800B1E17F /* Build configuration list for PBXNativeTarget "vmmlib_unit_tests" */ = {
			isa = XCConfigurationList;
			buildConfigurations = (
				98FE7DC70E224E8800B1E17F /* Debug */,
				98FE7DC80E224E8800B1E17F /* Release */,
			);
			defaultConfigurationIsVisible = 0;
			defaultConfigurationName = Release;
		};
/* End XCConfigurationList section */
	};
	rootObject = 0867D690FE84028FC02AAC07 /* Project object */;
}
